
Microsoft Visual Studio Solution File, Format Version 12.00
# Visual Studio Version 16
VisualStudioVersion = 16.0.31829.152
MinimumVisualStudioVersion = 10.0.40219.1
Project("{9A19103F-16F7-4668-BE54-9A1E7A4F7556}") = "showsBackend", "showsBackend.csproj", "{7C0FFD50-C665-4424-B07A-61EB09F13FBD}"
EndProject
Global
	GlobalSection(SolutionConfigurationPlatforms) = preSolution
		Debug|Any CPU = Debug|Any CPU
		Release|Any CPU = Release|Any CPU
	EndGlobalSection
	GlobalSection(ProjectConfigurationPlatforms) = postSolution
		{7C0FFD50-C665-4424-B07A-61EB09F13FBD}.Debug|Any CPU.ActiveCfg = Debug|Any CPU
		{7C0FFD50-C665-4424-B07A-61EB09F13FBD}.Debug|Any CPU.Build.0 = Debug|Any CPU
		{7C0FFD50-C665-4424-B07A-61EB09F13FBD}.Release|Any CPU.ActiveCfg = Release|Any CPU
		{7C0FFD50-C665-4424-B07A-61EB09F13FBD}.Release|Any CPU.Build.0 = Release|Any CPU
	EndGlobalSection
	GlobalSection(SolutionProperties) = preSolution
		HideSolutionNode = FALSE
	EndGlobalSection
	GlobalSection(ExtensibilityGlobals) = postSolution
		SolutionGuid = {CB6133A9-DBF7-4ED3-85C9-961F3C523E80}
	EndGlobalSection
EndGlobal
